// !$*UTF8*$!
{
	archiveVersion = 1;
	classes = {
	};
	objectVersion = 50;
	objects = {

/* Begin PBXBuildFile section */
		180E9439261DFE1C007E4A39 /* Tests_iOS.swift in Sources */ = {isa = PBXBuildFile; fileRef = 180E9438261DFE1C007E4A39 /* Tests_iOS.swift */; };
		180E9444261DFE1C007E4A39 /* Tests_macOS.swift in Sources */ = {isa = PBXBuildFile; fileRef = 180E9443261DFE1C007E4A39 /* Tests_macOS.swift */; };
		180E9446261DFE1C007E4A39 /* iExpense_6App.swift in Sources */ = {isa = PBXBuildFile; fileRef = 180E941D261DFE1B007E4A39 /* iExpense_6App.swift */; };
		180E9447261DFE1C007E4A39 /* iExpense_6App.swift in Sources */ = {isa = PBXBuildFile; fileRef = 180E941D261DFE1B007E4A39 /* iExpense_6App.swift */; };
		180E9448261DFE1C007E4A39 /* ContentView.swift in Sources */ = {isa = PBXBuildFile; fileRef = 180E941E261DFE1B007E4A39 /* ContentView.swift */; };
		180E9449261DFE1C007E4A39 /* ContentView.swift in Sources */ = {isa = PBXBuildFile; fileRef = 180E941E261DFE1B007E4A39 /* ContentView.swift */; };
		180E944A261DFE1C007E4A39 /* Assets.xcassets in Resources */ = {isa = PBXBuildFile; fileRef = 180E941F261DFE1C007E4A39 /* Assets.xcassets */; };
		180E944B261DFE1C007E4A39 /* Assets.xcassets in Resources */ = {isa = PBXBuildFile; fileRef = 180E941F261DFE1C007E4A39 /* Assets.xcassets */; };
		180E945F261E03D1007E4A39 /* AddView.swift in Sources */ = {isa = PBXBuildFile; fileRef = 180E945E261E03D1007E4A39 /* AddView.swift */; };
		180E9460261E03D1007E4A39 /* AddView.swift in Sources */ = {isa = PBXBuildFile; fileRef = 180E945E261E03D1007E4A39 /* AddView.swift */; };
/* End PBXBuildFile section */

/* Begin PBXContainerItemProxy section */
		180E9435261DFE1C007E4A39 /* PBXContainerItemProxy */ = {
			isa = PBXContainerItemProxy;
			containerPortal = 180E9418261DFE1B007E4A39 /* Project object */;
			proxyType = 1;
			remoteGlobalIDString = 180E9423261DFE1C007E4A39;
			remoteInfo = "iExpense 6 (iOS)";
		};
		180E9440261DFE1C007E4A39 /* PBXContainerItemProxy */ = {
			isa = PBXContainerItemProxy;
			containerPortal = 180E9418261DFE1B007E4A39 /* Project object */;
			proxyType = 1;
			remoteGlobalIDString = 180E942B261DFE1C007E4A39;
			remoteInfo = "iExpense 6 (macOS)";
		};
/* End PBXContainerItemProxy section */

/* Begin PBXFileReference section */
		180E941D261DFE1B007E4A39 /* iExpense_6App.swift */ = {isa = PBXFileReference; lastKnownFileType = sourcecode.swift; path = iExpense_6App.swift; sourceTree = "<group>"; };
		180E941E261DFE1B007E4A39 /* ContentView.swift */ = {isa = PBXFileReference; lastKnownFileType = sourcecode.swift; path = ContentView.swift; sourceTree = "<group>"; };
		180E941F261DFE1C007E4A39 /* Assets.xcassets */ = {isa = PBXFileReference; lastKnownFileType = folder.assetcatalog; path = Assets.xcassets; sourceTree = "<group>"; };
		180E9424261DFE1C007E4A39 /* iExpense 6.app */ = {isa = PBXFileReference; explicitFileType = wrapper.application; includeInIndex = 0; path = "iExpense 6.app"; sourceTree = BUILT_PRODUCTS_DIR; };
		180E9427261DFE1C007E4A39 /* Info.plist */ = {isa = PBXFileReference; lastKnownFileType = text.plist.xml; path = Info.plist; sourceTree = "<group>"; };
		180E942C261DFE1C007E4A39 /* iExpense 6.app */ = {isa = PBXFileReference; explicitFileType = wrapper.application; includeInIndex = 0; path = "iExpense 6.app"; sourceTree = BUILT_PRODUCTS_DIR; };
		180E942E261DFE1C007E4A39 /* Info.plist */ = {isa = PBXFileReference; lastKnownFileType = text.plist.xml; path = Info.plist; sourceTree = "<group>"; };
		180E942F261DFE1C007E4A39 /* macOS.entitlements */ = {isa = PBXFileReference; lastKnownFileType = text.plist.entitlements; path = macOS.entitlements; sourceTree = "<group>"; };
		180E9434261DFE1C007E4A39 /* Tests iOS.xctest */ = {isa = PBXFileReference; explicitFileType = wrapper.cfbundle; includeInIndex = 0; path = "Tests iOS.xctest"; sourceTree = BUILT_PRODUCTS_DIR; };
		180E9438261DFE1C007E4A39 /* Tests_iOS.swift */ = {isa = PBXFileReference; lastKnownFileType = sourcecode.swift; path = Tests_iOS.swift; sourceTree = "<group>"; };
		180E943A261DFE1C007E4A39 /* Info.plist */ = {isa = PBXFileReference; lastKnownFileType = text.plist.xml; path = Info.plist; sourceTree = "<group>"; };
		180E943F261DFE1C007E4A39 /* Tests macOS.xctest */ = {isa = PBXFileReference; explicitFileType = wrapper.cfbundle; includeInIndex = 0; path = "Tests macOS.xctest"; sourceTree = BUILT_PRODUCTS_DIR; };
		180E9443261DFE1C007E4A39 /* Tests_macOS.swift */ = {isa = PBXFileReference; lastKnownFileType = sourcecode.swift; path = Tests_macOS.swift; sourceTree = "<group>"; };
		180E9445261DFE1C007E4A39 /* Info.plist */ = {isa = PBXFileReference; lastKnownFileType = text.plist.xml; path = Info.plist; sourceTree = "<group>"; };
		180E945E261E03D1007E4A39 /* AddView.swift */ = {isa = PBXFileReference; lastKnownFileType = sourcecode.swift; path = AddView.swift; sourceTree = SOURCE_ROOT; };
/* End PBXFileReference section */

/* Begin PBXFrameworksBuildPhase section */
		180E9421261DFE1C007E4A39 /* Frameworks */ = {
			isa = PBXFrameworksBuildPhase;
			buildActionMask = 2147483647;
			files = (
			);
			runOnlyForDeploymentPostprocessing = 0;
		};
		180E9429261DFE1C007E4A39 /* Frameworks */ = {
			isa = PBXFrameworksBuildPhase;
			buildActionMask = 2147483647;
			files = (
			);
			runOnlyForDeploymentPostprocessing = 0;
		};
		180E9431261DFE1C007E4A39 /* Frameworks */ = {
			isa = PBXFrameworksBuildPhase;
			buildActionMask = 2147483647;
			files = (
			);
			runOnlyForDeploymentPostprocessing = 0;
		};
		180E943C261DFE1C007E4A39 /* Frameworks */ = {
			isa = PBXFrameworksBuildPhase;
			buildActionMask = 2147483647;
			files = (
			);
			runOnlyForDeploymentPostprocessing = 0;
		};
/* End PBXFrameworksBuildPhase section */

/* Begin PBXGroup section */
		180E9417261DFE1B007E4A39 = {
			isa = PBXGroup;
			children = (
				180E941C261DFE1B007E4A39 /* Shared */,
				180E9426261DFE1C007E4A39 /* iOS */,
				180E942D261DFE1C007E4A39 /* macOS */,
				180E9437261DFE1C007E4A39 /* Tests iOS */,
				180E9442261DFE1C007E4A39 /* Tests macOS */,
				180E9425261DFE1C007E4A39 /* Products */,
			);
			sourceTree = "<group>";
		};
		180E941C261DFE1B007E4A39 /* Shared */ = {
			isa = PBXGroup;
			children = (
				180E941D261DFE1B007E4A39 /* iExpense_6App.swift */,
				180E941E261DFE1B007E4A39 /* ContentView.swift */,
				180E945E261E03D1007E4A39 /* AddView.swift */,
				180E941F261DFE1C007E4A39 /* Assets.xcassets */,
			);
			path = Shared;
			sourceTree = "<group>";
		};
		180E9425261DFE1C007E4A39 /* Products */ = {
			isa = PBXGroup;
			children = (
				180E9424261DFE1C007E4A39 /* iExpense 6.app */,
				180E942C261DFE1C007E4A39 /* iExpense 6.app */,
				180E9434261DFE1C007E4A39 /* Tests iOS.xctest */,
				180E943F261DFE1C007E4A39 /* Tests macOS.xctest */,
			);
			name = Products;
			sourceTree = "<group>";
		};
		180E9426261DFE1C007E4A39 /* iOS */ = {
			isa = PBXGroup;
			children = (
				180E9427261DFE1C007E4A39 /* Info.plist */,
			);
			path = iOS;
			sourceTree = "<group>";
		};
		180E942D261DFE1C007E4A39 /* macOS */ = {
			isa = PBXGroup;
			children = (
				180E942E261DFE1C007E4A39 /* Info.plist */,
				180E942F261DFE1C007E4A39 /* macOS.entitlements */,
			);
			path = macOS;
			sourceTree = "<group>";
		};
		180E9437261DFE1C007E4A39 /* Tests iOS */ = {
			isa = PBXGroup;
			children = (
				180E9438261DFE1C007E4A39 /* Tests_iOS.swift */,
				180E943A261DFE1C007E4A39 /* Info.plist */,
			);
			path = "Tests iOS";
			sourceTree = "<group>";
		};
		180E9442261DFE1C007E4A39 /* Tests macOS */ = {
			isa = PBXGroup;
			children = (
				180E9443261DFE1C007E4A39 /* Tests_macOS.swift */,
				180E9445261DFE1C007E4A39 /* Info.plist */,
			);
			path = "Tests macOS";
			sourceTree = "<group>";
		};
/* End PBXGroup section */

/* Begin PBXNativeTarget section */
		180E9423261DFE1C007E4A39 /* iExpense 6 (iOS) */ = {
			isa = PBXNativeTarget;
			buildConfigurationList = 180E944E261DFE1C007E4A39 /* Build configuration list for PBXNativeTarget "iExpense 6 (iOS)" */;
			buildPhases = (
				180E9420261DFE1C007E4A39 /* Sources */,
				180E9421261DFE1C007E4A39 /* Frameworks */,
				180E9422261DFE1C007E4A39 /* Resources */,
			);
			buildRules = (
			);
			dependencies = (
			);
			name = "iExpense 6 (iOS)";
			productName = "iExpense 6 (iOS)";
			productReference = 180E9424261DFE1C007E4A39 /* iExpense 6.app */;
			productType = "com.apple.product-type.application";
		};
		180E942B261DFE1C007E4A39 /* iExpense 6 (macOS) */ = {
			isa = PBXNativeTarget;
			buildConfigurationList = 180E9451261DFE1C007E4A39 /* Build configuration list for PBXNativeTarget "iExpense 6 (macOS)" */;
			buildPhases = (
				180E9428261DFE1C007E4A39 /* Sources */,
				180E9429261DFE1C007E4A39 /* Frameworks */,
				180E942A261DFE1C007E4A39 /* Resources */,
			);
			buildRules = (
			);
			dependencies = (
			);
			name = "iExpense 6 (macOS)";
			productName = "iExpense 6 (macOS)";
			productReference = 180E942C261DFE1C007E4A39 /* iExpense 6.app */;
			productType = "com.apple.product-type.application";
		};
		180E9433261DFE1C007E4A39 /* Tests iOS */ = {
			isa = PBXNativeTarget;
			buildConfigurationList = 180E9454261DFE1C007E4A39 /* Build configuration list for PBXNativeTarget "Tests iOS" */;
			buildPhases = (
				180E9430261DFE1C007E4A39 /* Sources */,
				180E9431261DFE1C007E4A39 /* Frameworks */,
				180E9432261DFE1C007E4A39 /* Resources */,
			);
			buildRules = (
			);
			dependencies = (
				180E9436261DFE1C007E4A39 /* PBXTargetDependency */,
			);
			name = "Tests iOS";
			productName = "Tests iOS";
			productReference = 180E9434261DFE1C007E4A39 /* Tests iOS.xctest */;
			productType = "com.apple.product-type.bundle.ui-testing";
		};
		180E943E261DFE1C007E4A39 /* Tests macOS */ = {
			isa = PBXNativeTarget;
			buildConfigurationList = 180E9457261DFE1C007E4A39 /* Build configuration list for PBXNativeTarget "Tests macOS" */;
			buildPhases = (
				180E943B261DFE1C007E4A39 /* Sources */,
				180E943C261DFE1C007E4A39 /* Frameworks */,
				180E943D261DFE1C007E4A39 /* Resources */,
			);
			buildRules = (
			);
			dependencies = (
				180E9441261DFE1C007E4A39 /* PBXTargetDependency */,
			);
			name = "Tests macOS";
			productName = "Tests macOS";
			productReference = 180E943F261DFE1C007E4A39 /* Tests macOS.xctest */;
			productType = "com.apple.product-type.bundle.ui-testing";
		};
/* End PBXNativeTarget section */

/* Begin PBXProject section */
		180E9418261DFE1B007E4A39 /* Project object */ = {
			isa = PBXProject;
			attributes = {
				LastSwiftUpdateCheck = 1240;
				LastUpgradeCheck = 1240;
				TargetAttributes = {
					180E9423261DFE1C007E4A39 = {
						CreatedOnToolsVersion = 12.4;
					};
					180E942B261DFE1C007E4A39 = {
						CreatedOnToolsVersion = 12.4;
					};
					180E9433261DFE1C007E4A39 = {
						CreatedOnToolsVersion = 12.4;
						TestTargetID = 180E9423261DFE1C007E4A39;
					};
					180E943E261DFE1C007E4A39 = {
						CreatedOnToolsVersion = 12.4;
						TestTargetID = 180E942B261DFE1C007E4A39;
					};
				};
			};
			buildConfigurationList = 180E941B261DFE1B007E4A39 /* Build configuration list for PBXProject "iExpense 6" */;
			compatibilityVersion = "Xcode 9.3";
			developmentRegion = en;
			hasScannedForEncodings = 0;
			knownRegions = (
				en,
				Base,
			);
			mainGroup = 180E9417261DFE1B007E4A39;
			productRefGroup = 180E9425261DFE1C007E4A39 /* Products */;
			projectDirPath = "";
			projectRoot = "";
			targets = (
				180E9423261DFE1C007E4A39 /* iExpense 6 (iOS) */,
				180E942B261DFE1C007E4A39 /* iExpense 6 (macOS) */,
				180E9433261DFE1C007E4A39 /* Tests iOS */,
				180E943E261DFE1C007E4A39 /* Tests macOS */,
			);
		};
/* End PBXProject section */

/* Begin PBXResourcesBuildPhase section */
		180E9422261DFE1C007E4A39 /* Resources */ = {
			isa = PBXResourcesBuildPhase;
			buildActionMask = 2147483647;
			files = (
				180E944A261DFE1C007E4A39 /* Assets.xcassets in Resources */,
			);
			runOnlyForDeploymentPostprocessing = 0;
		};
		180E942A261DFE1C007E4A39 /* Resources */ = {
			isa = PBXResourcesBuildPhase;
			buildActionMask = 2147483647;
			files = (
				180E944B261DFE1C007E4A39 /* Assets.xcassets in Resources */,
			);
			runOnlyForDeploymentPostprocessing = 0;
		};
		180E9432261DFE1C007E4A39 /* Resources */ = {
			isa = PBXResourcesBuildPhase;
			buildActionMask = 2147483647;
			files = (
			);
			runOnlyForDeploymentPostprocessing = 0;
		};
		180E943D261DFE1C007E4A39 /* Resources */ = {
			isa = PBXResourcesBuildPhase;
			buildActionMask = 2147483647;
			files = (
			);
			runOnlyForDeploymentPostprocessing = 0;
		};
/* End PBXResourcesBuildPhase section */

/* Begin PBXSourcesBuildPhase section */
		180E9420261DFE1C007E4A39 /* Sources */ = {
			isa = PBXSourcesBuildPhase;
			buildActionMask = 2147483647;
			files = (
				180E9448261DFE1C007E4A39 /* ContentView.swift in Sources */,
				180E9446261DFE1C007E4A39 /* iExpense_6App.swift in Sources */,
				180E945F261E03D1007E4A39 /* AddView.swift in Sources */,
			);
			runOnlyForDeploymentPostprocessing = 0;
		};
		180E9428261DFE1C007E4A39 /* Sources */ = {
			isa = PBXSourcesBuildPhase;
			buildActionMask = 2147483647;
			files = (
				180E9449261DFE1C007E4A39 /* ContentView.swift in Sources */,
				180E9447261DFE1C007E4A39 /* iExpense_6App.swift in Sources */,
				180E9460261E03D1007E4A39 /* AddView.swift in Sources */,
			);
			runOnlyForDeploymentPostprocessing = 0;
		};
		180E9430261DFE1C007E4A39 /* Sources */ = {
			isa = PBXSourcesBuildPhase;
			buildActionMask = 2147483647;
			files = (
				180E9439261DFE1C007E4A39 /* Tests_iOS.swift in Sources */,
			);
			runOnlyForDeploymentPostprocessing = 0;
		};
		180E943B261DFE1C007E4A39 /* Sources */ = {
			isa = PBXSourcesBuildPhase;
			buildActionMask = 2147483647;
			files = (
				180E9444261DFE1C007E4A39 /* Tests_macOS.swift in Sources */,
			);
			runOnlyForDeploymentPostprocessing = 0;
		};
/* End PBXSourcesBuildPhase section */

/* Begin PBXTargetDependency section */
		180E9436261DFE1C007E4A39 /* PBXTargetDependency */ = {
			isa = PBXTargetDependency;
			target = 180E9423261DFE1C007E4A39 /* iExpense 6 (iOS) */;
			targetProxy = 180E9435261DFE1C007E4A39 /* PBXContainerItemProxy */;
		};
		180E9441261DFE1C007E4A39 /* PBXTargetDependency */ = {
			isa = PBXTargetDependency;
			target = 180E942B261DFE1C007E4A39 /* iExpense 6 (macOS) */;
			targetProxy = 180E9440261DFE1C007E4A39 /* PBXContainerItemProxy */;
		};
/* End PBXTargetDependency section */

/* Begin XCBuildConfiguration section */
		180E944C261DFE1C007E4A39 /* Debug */ = {
			isa = XCBuildConfiguration;
			buildSettings = {
				ALWAYS_SEARCH_USER_PATHS = NO;
				CLANG_ANALYZER_NONNULL = YES;
				CLANG_ANALYZER_NUMBER_OBJECT_CONVERSION = YES_AGGRESSIVE;
				CLANG_CXX_LANGUAGE_STANDARD = "gnu++14";
				CLANG_CXX_LIBRARY = "libc++";
				CLANG_ENABLE_MODULES = YES;
				CLANG_ENABLE_OBJC_ARC = YES;
				CLANG_ENABLE_OBJC_WEAK = YES;
				CLANG_WARN_BLOCK_CAPTURE_AUTORELEASING = YES;
				CLANG_WARN_BOOL_CONVERSION = YES;
				CLANG_WARN_COMMA = YES;
				CLANG_WARN_CONSTANT_CONVERSION = YES;
				CLANG_WARN_DEPRECATED_OBJC_IMPLEMENTATIONS = YES;
				CLANG_WARN_DIRECT_OBJC_ISA_USAGE = YES_ERROR;
				CLANG_WARN_DOCUMENTATION_COMMENTS = YES;
				CLANG_WARN_EMPTY_BODY = YES;
				CLANG_WARN_ENUM_CONVERSION = YES;
				CLANG_WARN_INFINITE_RECURSION = YES;
				CLANG_WARN_INT_CONVERSION = YES;
				CLANG_WARN_NON_LITERAL_NULL_CONVERSION = YES;
				CLANG_WARN_OBJC_IMPLICIT_RETAIN_SELF = YES;
				CLANG_WARN_OBJC_LITERAL_CONVERSION = YES;
				CLANG_WARN_OBJC_ROOT_CLASS = YES_ERROR;
				CLANG_WARN_QUOTED_INCLUDE_IN_FRAMEWORK_HEADER = YES;
				CLANG_WARN_RANGE_LOOP_ANALYSIS = YES;
				CLANG_WARN_STRICT_PROTOTYPES = YES;
				CLANG_WARN_SUSPICIOUS_MOVE = YES;
				CLANG_WARN_UNGUARDED_AVAILABILITY = YES_AGGRESSIVE;
				CLANG_WARN_UNREACHABLE_CODE = YES;
				CLANG_WARN__DUPLICATE_METHOD_MATCH = YES;
				COPY_PHASE_STRIP = NO;
				DEBUG_INFORMATION_FORMAT = dwarf;
				ENABLE_STRICT_OBJC_MSGSEND = YES;
				ENABLE_TESTABILITY = YES;
				GCC_C_LANGUAGE_STANDARD = gnu11;
				GCC_DYNAMIC_NO_PIC = NO;
				GCC_NO_COMMON_BLOCKS = YES;
				GCC_OPTIMIZATION_LEVEL = 0;
				GCC_PREPROCESSOR_DEFINITIONS = (
					"DEBUG=1",
					"$(inherited)",
				);
				GCC_WARN_64_TO_32_BIT_CONVERSION = YES;
				GCC_WARN_ABOUT_RETURN_TYPE = YES_ERROR;
				GCC_WARN_UNDECLARED_SELECTOR = YES;
				GCC_WARN_UNINITIALIZED_AUTOS = YES_AGGRESSIVE;
				GCC_WARN_UNUSED_FUNCTION = YES;
				GCC_WARN_UNUSED_VARIABLE = YES;
				MTL_ENABLE_DEBUG_INFO = INCLUDE_SOURCE;
				MTL_FAST_MATH = YES;
				ONLY_ACTIVE_ARCH = YES;
				SWIFT_ACTIVE_COMPILATION_CONDITIONS = DEBUG;
				SWIFT_OPTIMIZATION_LEVEL = "-Onone";
			};
			name = Debug;
		};
		180E944D261DFE1C007E4A39 /* Release */ = {
			isa = XCBuildConfiguration;
			buildSettings = {
				ALWAYS_SEARCH_USER_PATHS = NO;
				CLANG_ANALYZER_NONNULL = YES;
				CLANG_ANALYZER_NUMBER_OBJECT_CONVERSION = YES_AGGRESSIVE;
				CLANG_CXX_LANGUAGE_STANDARD = "gnu++14";
				CLANG_CXX_LIBRARY = "libc++";
				CLANG_ENABLE_MODULES = YES;
				CLANG_ENABLE_OBJC_ARC = YES;
				CLANG_ENABLE_OBJC_WEAK = YES;
				CLANG_WARN_BLOCK_CAPTURE_AUTORELEASING = YES;
				CLANG_WARN_BOOL_CONVERSION = YES;
				CLANG_WARN_COMMA = YES;
				CLANG_WARN_CONSTANT_CONVERSION = YES;
				CLANG_WARN_DEPRECATED_OBJC_IMPLEMENTATIONS = YES;
				CLANG_WARN_DIRECT_OBJC_ISA_USAGE = YES_ERROR;
				CLANG_WARN_DOCUMENTATION_COMMENTS = YES;
				CLANG_WARN_EMPTY_BODY = YES;
				CLANG_WARN_ENUM_CONVERSION = YES;
				CLANG_WARN_INFINITE_RECURSION = YES;
				CLANG_WARN_INT_CONVERSION = YES;
				CLANG_WARN_NON_LITERAL_NULL_CONVERSION = YES;
				CLANG_WARN_OBJC_IMPLICIT_RETAIN_SELF = YES;
				CLANG_WARN_OBJC_LITERAL_CONVERSION = YES;
				CLANG_WARN_OBJC_ROOT_CLASS = YES_ERROR;
				CLANG_WARN_QUOTED_INCLUDE_IN_FRAMEWORK_HEADER = YES;
				CLANG_WARN_RANGE_LOOP_ANALYSIS = YES;
				CLANG_WARN_STRICT_PROTOTYPES = YES;
				CLANG_WARN_SUSPICIOUS_MOVE = YES;
				CLANG_WARN_UNGUARDED_AVAILABILITY = YES_AGGRESSIVE;
				CLANG_WARN_UNREACHABLE_CODE = YES;
				CLANG_WARN__DUPLICATE_METHOD_MATCH = YES;
				COPY_PHASE_STRIP = NO;
				DEBUG_INFORMATION_FORMAT = "dwarf-with-dsym";
				ENABLE_NS_ASSERTIONS = NO;
				ENABLE_STRICT_OBJC_MSGSEND = YES;
				GCC_C_LANGUAGE_STANDARD = gnu11;
				GCC_NO_COMMON_BLOCKS = YES;
				GCC_WARN_64_TO_32_BIT_CONVERSION = YES;
				GCC_WARN_ABOUT_RETURN_TYPE = YES_ERROR;
				GCC_WARN_UNDECLARED_SELECTOR = YES;
				GCC_WARN_UNINITIALIZED_AUTOS = YES_AGGRESSIVE;
				GCC_WARN_UNUSED_FUNCTION = YES;
				GCC_WARN_UNUSED_VARIABLE = YES;
				MTL_ENABLE_DEBUG_INFO = NO;
				MTL_FAST_MATH = YES;
				SWIFT_COMPILATION_MODE = wholemodule;
				SWIFT_OPTIMIZATION_LEVEL = "-O";
			};
			name = Release;
		};
		180E944F261DFE1C007E4A39 /* Debug */ = {
			isa = XCBuildConfiguration;
			buildSettings = {
				ASSETCATALOG_COMPILER_APPICON_NAME = AppIcon;
				ASSETCATALOG_COMPILER_GLOBAL_ACCENT_COLOR_NAME = AccentColor;
				CODE_SIGN_STYLE = Automatic;
				DEVELOPMENT_TEAM = 3X8B9U2FPU;
				ENABLE_PREVIEWS = YES;
				INFOPLIST_FILE = iOS/Info.plist;
				IPHONEOS_DEPLOYMENT_TARGET = 14.0;
				LD_RUNPATH_SEARCH_PATHS = (
					"$(inherited)",
					"@executable_path/Frameworks",
				);
				PRODUCT_BUNDLE_IDENTIFIER = "WadeBelden.iExpense-6";
				PRODUCT_NAME = "iExpense 6";
				SDKROOT = iphoneos;
				SWIFT_VERSION = 5.0;
				TARGETED_DEVICE_FAMILY = "1,2";
			};
			name = Debug;
		};
		180E9450261DFE1C007E4A39 /* Release */ = {
			isa = XCBuildConfiguration;
			buildSettings = {
				ASSETCATALOG_COMPILER_APPICON_NAME = AppIcon;
				ASSETCATALOG_COMPILER_GLOBAL_ACCENT_COLOR_NAME = AccentColor;
				CODE_SIGN_STYLE = Automatic;
				DEVELOPMENT_TEAM = 3X8B9U2FPU;
				ENABLE_PREVIEWS = YES;
				INFOPLIST_FILE = iOS/Info.plist;
				IPHONEOS_DEPLOYMENT_TARGET = 14.0;
				LD_RUNPATH_SEARCH_PATHS = (
					"$(inherited)",
					"@executable_path/Frameworks",
				);
				PRODUCT_BUNDLE_IDENTIFIER = "WadeBelden.iExpense-6";
				PRODUCT_NAME = "iExpense 6";
				SDKROOT = iphoneos;
				SWIFT_VERSION = 5.0;
				TARGETED_DEVICE_FAMILY = "1,2";
				VALIDATE_PRODUCT = YES;
			};
			name = Release;
		};
		180E9452261DFE1C007E4A39 /* Debug */ = {
			isa = XCBuildConfiguration;
			buildSettings = {
				ASSETCATALOG_COMPILER_APPICON_NAME = AppIcon;
				ASSETCATALOG_COMPILER_GLOBAL_ACCENT_COLOR_NAME = AccentColor;
				CODE_SIGN_ENTITLEMENTS = macOS/macOS.entitlements;
				CODE_SIGN_STYLE = Automatic;
				COMBINE_HIDPI_IMAGES = YES;
				DEVELOPMENT_TEAM = 3X8B9U2FPU;
				ENABLE_HARDENED_RUNTIME = YES;
				ENABLE_PREVIEWS = YES;
				INFOPLIST_FILE = macOS/Info.plist;
				LD_RUNPATH_SEARCH_PATHS = (
					"$(inherited)",
					"@executable_path/../Frameworks",
				);
				MACOSX_DEPLOYMENT_TARGET = 11.0;
				PRODUCT_BUNDLE_IDENTIFIER = "WadeBelden.iExpense-6";
				PRODUCT_NAME = "iExpense 6";
				SDKROOT = macosx;
				SWIFT_VERSION = 5.0;
			};
			name = Debug;
		};
		180E9453261DFE1C007E4A39 /* Release */ = {
			isa = XCBuildConfiguration;
			buildSettings = {
				ASSETCATALOG_COMPILER_APPICON_NAME = AppIcon;
				ASSETCATALOG_COMPILER_GLOBAL_ACCENT_COLOR_NAME = AccentColor;
				CODE_SIGN_ENTITLEMENTS = macOS/macOS.entitlements;
				CODE_SIGN_STYLE = Automatic;
				COMBINE_HIDPI_IMAGES = YES;
				DEVELOPMENT_TEAM = 3X8B9U2FPU;
				ENABLE_HARDENED_RUNTIME = YES;
				ENABLE_PREVIEWS = YES;
				INFOPLIST_FILE = macOS/Info.plist;
				LD_RUNPATH_SEARCH_PATHS = (
					"$(inherited)",
					"@executable_path/../Frameworks",
				);
				MACOSX_DEPLOYMENT_TARGET = 11.0;
				PRODUCT_BUNDLE_IDENTIFIER = "WadeBelden.iExpense-6";
				PRODUCT_NAME = "iExpense 6";
				SDKROOT = macosx;
				SWIFT_VERSION = 5.0;
			};
			name = Release;
		};
		180E9455261DFE1C007E4A39 /* Debug */ = {
			isa = XCBuildConfiguration;
			buildSettings = {
				ALWAYS_EMBED_SWIFT_STANDARD_LIBRARIES = YES;
				CODE_SIGN_STYLE = Automatic;
				DEVELOPMENT_TEAM = 3X8B9U2FPU;
				INFOPLIST_FILE = "Tests iOS/Info.plist";
				IPHONEOS_DEPLOYMENT_TARGET = 14.4;
				LD_RUNPATH_SEARCH_PATHS = (
					"$(inherited)",
					"@executable_path/Frameworks",
					"@loader_path/Frameworks",
				);
				PRODUCT_BUNDLE_IDENTIFIER = "WadeBelden.Tests-iOS";
				PRODUCT_NAME = "$(TARGET_NAME)";
				SDKROOT = iphoneos;
				SWIFT_VERSION = 5.0;
				TARGETED_DEVICE_FAMILY = "1,2";
				TEST_TARGET_NAME = "iExpense 6 (iOS)";
			};
			name = Debug;
		};
		180E9456261DFE1C007E4A39 /* Release */ = {
			isa = XCBuildConfiguration;
			buildSettings = {
				ALWAYS_EMBED_SWIFT_STANDARD_LIBRARIES = YES;
				CODE_SIGN_STYLE = Automatic;
				DEVELOPMENT_TEAM = 3X8B9U2FPU;
				INFOPLIST_FILE = "Tests iOS/Info.plist";
				IPHONEOS_DEPLOYMENT_TARGET = 14.4;
				LD_RUNPATH_SEARCH_PATHS = (
					"$(inherited)",
					"@executable_path/Frameworks",
					"@loader_path/Frameworks",
				);
				PRODUCT_BUNDLE_IDENTIFIER = "WadeBelden.Tests-iOS";
				PRODUCT_NAME = "$(TARGET_NAME)";
				SDKROOT = iphoneos;
				SWIFT_VERSION = 5.0;
				TARGETED_DEVICE_FAMILY = "1,2";
				TEST_TARGET_NAME = "iExpense 6 (iOS)";
				VALIDATE_PRODUCT = YES;
			};
			name = Release;
		};
		180E9458261DFE1C007E4A39 /* Debug */ = {
			isa = XCBuildConfiguration;
			buildSettings = {
				ALWAYS_EMBED_SWIFT_STANDARD_LIBRARIES = YES;
				CODE_SIGN_STYLE = Automatic;
				COMBINE_HIDPI_IMAGES = YES;
				DEVELOPMENT_TEAM = 3X8B9U2FPU;
				INFOPLIST_FILE = "Tests macOS/Info.plist";
				LD_RUNPATH_SEARCH_PATHS = (
					"$(inherited)",
					"@executable_path/../Frameworks",
					"@loader_path/../Frameworks",
				);
				MACOSX_DEPLOYMENT_TARGET = 11.1;
				PRODUCT_BUNDLE_IDENTIFIER = "WadeBelden.Tests-macOS";
				PRODUCT_NAME = "$(TARGET_NAME)";
				SDKROOT = macosx;
				SWIFT_VERSION = 5.0;
				TEST_TARGET_NAME = "iExpense 6 (macOS)";
			};
			name = Debug;
		};
		180E9459261DFE1C007E4A39 /* Release */ = {
			isa = XCBuildConfiguration;
			buildSettings = {
				ALWAYS_EMBED_SWIFT_STANDARD_LIBRARIES = YES;
				CODE_SIGN_STYLE = Automatic;
				COMBINE_HIDPI_IMAGES = YES;
				DEVELOPMENT_TEAM = 3X8B9U2FPU;
				INFOPLIST_FILE = "Tests macOS/Info.plist";
				LD_RUNPATH_SEARCH_PATHS = (
					"$(inherited)",
					"@executable_path/../Frameworks",
					"@loader_path/../Frameworks",
				);
				MACOSX_DEPLOYMENT_TARGET = 11.1;
				PRODUCT_BUNDLE_IDENTIFIER = "WadeBelden.Tests-macOS";
				PRODUCT_NAME = "$(TARGET_NAME)";
				SDKROOT = macosx;
				SWIFT_VERSION = 5.0;
				TEST_TARGET_NAME = "iExpense 6 (macOS)";
			};
			name = Release;
		};
/* End XCBuildConfiguration section */

/* Begin XCConfigurationList section */
		180E941B261DFE1B007E4A39 /* Build configuration list for PBXProject "iExpense 6" */ = {
			isa = XCConfigurationList;
			buildConfigurations = (
				180E944C261DFE1C007E4A39 /* Debug */,
				180E944D261DFE1C007E4A39 /* Release */,
			);
			defaultConfigurationIsVisible = 0;
			defaultConfigurationName = Release;
		};
		180E944E261DFE1C007E4A39 /* Build configuration list for PBXNativeTarget "iExpense 6 (iOS)" */ = {
			isa = XCConfigurationList;
			buildConfigurations = (
				180E944F261DFE1C007E4A39 /* Debug */,
				180E9450261DFE1C007E4A39 /* Release */,
			);
			defaultConfigurationIsVisible = 0;
			defaultConfigurationName = Release;
		};
		180E9451261DFE1C007E4A39 /* Build configuration list for PBXNativeTarget "iExpense 6 (macOS)" */ = {
			isa = XCConfigurationList;
			buildConfigurations = (
				180E9452261DFE1C007E4A39 /* Debug */,
				180E9453261DFE1C007E4A39 /* Release */,
			);
			defaultConfigurationIsVisible = 0;
			defaultConfigurationName = Release;
		};
		180E9454261DFE1C007E4A39 /* Build configuration list for PBXNativeTarget "Tests iOS" */ = {
			isa = XCConfigurationList;
			buildConfigurations = (
				180E9455261DFE1C007E4A39 /* Debug */,
				180E9456261DFE1C007E4A39 /* Release */,
			);
			defaultConfigurationIsVisible = 0;
			defaultConfigurationName = Release;
		};
		180E9457261DFE1C007E4A39 /* Build configuration list for PBXNativeTarget "Tests macOS" */ = {
			isa = XCConfigurationList;
			buildConfigurations = (
				180E9458261DFE1C007E4A39 /* Debug */,
				180E9459261DFE1C007E4A39 /* Release */,
			);
			defaultConfigurationIsVisible = 0;
			defaultConfigurationName = Release;
		};
/* End XCConfigurationList section */
	};
	rootObject = 180E9418261DFE1B007E4A39 /* Project object */;
}
